
Microsoft Visual Studio Solution File, Format Version 12.00
# Visual Studio Version 17
VisualStudioVersion = 17.2.32630.192
MinimumVisualStudioVersion = 10.0.40219.1
Project("{FAE04EC0-301F-11D3-BF4B-00C04F79EFBC}") = "Property4Rent_API", "Property4Rent_API\Property4Rent_API.csproj", "{2F2F6F88-6AE4-4A16-B2F7-143B3ACFBB14}"
EndProject
Global
	GlobalSection(SolutionConfigurationPlatforms) = preSolution
		Debug|Any CPU = Debug|Any CPU
		Release|Any CPU = Release|Any CPU
	EndGlobalSection
	GlobalSection(ProjectConfigurationPlatforms) = postSolution
		{2F2F6F88-6AE4-4A16-B2F7-143B3ACFBB14}.Debug|Any CPU.ActiveCfg = Debug|Any CPU
		{2F2F6F88-6AE4-4A16-B2F7-143B3ACFBB14}.Debug|Any CPU.Build.0 = Debug|Any CPU
		{2F2F6F88-6AE4-4A16-B2F7-143B3ACFBB14}.Release|Any CPU.ActiveCfg = Release|Any CPU
		{2F2F6F88-6AE4-4A16-B2F7-143B3ACFBB14}.Release|Any CPU.Build.0 = Release|Any CPU
	EndGlobalSection
	GlobalSection(SolutionProperties) = preSolution
		HideSolutionNode = FALSE
	EndGlobalSection
	GlobalSection(ExtensibilityGlobals) = postSolution
		SolutionGuid = {C042C277-2BEE-4B54-A1EE-C2975BED532F}
	EndGlobalSection
EndGlobal
